{
    "_meta": {
        "hash": {
            "sha256": "561cb825f692ef905aa5e5a39e8a5ea7a66df2c5bdb4b1da0ec6b808f5897944"
        },
        "pipfile-spec": 6,
        "requires": {
            "python_version": "3.12"
        },
        "sources": [
            {
                "name": "pypi",
                "url": "https://pypi.org/simple",
                "verify_ssl": true
            }
        ]
    },
    "default": {
        "colorama": {
            "hashes": [
                "sha256:08695f5cb7ed6e0531a20572697297273c47b8cae5a63ffc6d6ed5c201be6e44",
                "sha256:4f1d9991f5acc0ca119f9d443620b77f9d6b33703e51011c16baf57afb285fc6"
            ],
            "index": "pypi",
            "markers": "python_version >= '2.7' and python_version not in '3.0, 3.1, 3.2, 3.3, 3.4, 3.5, 3.6'",
            "version": "==0.4.6"
        },
        "customtkinter": {
            "hashes": [
                "sha256:14ad3e7cd3cb3b9eb642b9d4e8711ae80d3f79fb82545ad11258eeffb2e6b37c",
                "sha256:fd8db3bafa961c982ee6030dba80b4c2e25858630756b513986db19113d8d207"
            ],
            "index": "pypi",
            "markers": "python_version >= '3.7'",
            "version": "==5.2.2"
        },
        "darkdetect": {
            "hashes": [
                "sha256:a7509ccf517eaad92b31c214f593dbcf138ea8a43b2935406bbd565e15527a85",
                "sha256:b5428e1170263eb5dea44c25dc3895edd75e6f52300986353cd63533fe7df8b1"
            ],
            "markers": "python_version >= '3.6'",
            "version": "==0.8.0"
        },
        "future": {
            "hashes": [
                "sha256:929292d34f5872e70396626ef385ec22355a1fae8ad29e1a734c3e43f9fbc216",
                "sha256:bd2968309307861edae1458a4f8a4f3598c03be43b97521076aebf5d94c07b05"
            ],
            "markers": "python_version >= '2.6' and python_version not in '3.0, 3.1, 3.2, 3.3'",
            "version": "==1.0.0"
        },
        "lzstring": {
            "hashes": [
                "sha256:1afa61e598193fbcc211e0899f09a9679e33f9102bccc37fbfda0b7fef4d9ea2"
            ],
            "index": "pypi",
            "version": "==1.0.4"
        },
        "packaging": {
            "hashes": [
                "sha256:29572ef2b1f17581046b3a2227d5c611fb25ec70ca1ba8554b24b0e69331a484",
                "sha256:d443872c98d677bf60f6a1f2f8c1cb748e8fe762d2bf9d3148b5599295b0fc4f"
            ],
            "markers": "python_version >= '3.8'",
            "version": "==25.0"
        },
        "pillow": {
            "hashes": [
                "sha256:00162e9ca6d22b7c3ee8e61faa3c3253cd19b6a37f126cad04f2f88b306f557d",
                "sha256:079af2fb0c599c2ec144ba2c02766d1b55498e373b3ac64687e43849fbbef5bc",
                "sha256:0b022eaaf709541b391ee069f0022ee5b36c709df71986e3f7be312e46f42c84",
                "sha256:0c27407a2d1b96774cbc4a7594129cc027339fd800cd081e44497722ea1179de",
                "sha256:0ddedfaa8b5f0b4ffbc2fa87b556dc59f6bb4ecb14a53b33f9189713ae8053c0",
                "sha256:0deedf2ea233722476b3a81e8cdfbad786f7adbed5d848469fa59fe52396e4ef",
                "sha256:0ed07dca4a8464bada6139ab38f5382f83e5f111698caf3191cb8dbf27d908b4",
                "sha256:0fde7ec5538ab5095cc02df38ee99b0443ff0e1c847a045554cf5f9af1f4aa82",
                "sha256:15c794d74303828eaa957ff8070846d0efe8c630901a1c753fdc63850e19ecd9",
                "sha256:1a949604f73eb07a8adab38c4fe50791f9919344398bdc8ac6b307f755fc7030",
                "sha256:1f345e7bc9d7f368887c712aa5054558bad44d2a301ddf9248599f4161abc7c0",
                "sha256:1fcc52d86ce7a34fd17cb04e87cfdb164648a3662a6f20565910a99653d66c18",
                "sha256:21e686a21078b0f9cb8c8a961d99e6a4ddb88e0fc5ea6e130172ddddc2e5221a",
                "sha256:2415373395a831f53933c23ce051021e79c8cd7979822d8cc478547a3f4da8ef",
                "sha256:277518bf4fe74aa91489e1b20577473b19ee70fb97c374aa50830b279f25841b",
                "sha256:27b9baecb428899db6c0de572d6d305cfaf38ca1596b5c0542a5182e3e74e8c6",
                "sha256:29a4cef9cb672363926f0470afc516dbf7305a14d8c54f7abbb5c199cd8f8179",
                "sha256:3413c2ae377550f5487991d444428f1a8ae92784aac79caa8b1e3b89b175f77e",
                "sha256:351889afef0f485b84078ea40fe33727a0492b9af3904661b0abbafee0355b72",
                "sha256:3ffaa2f0659e2f740473bcf03c702c39a8d4b2b7ffc629052028764324842c64",
                "sha256:40a8e3b9e8773876d6e30daed22f016509e3987bab61b3b7fe309d7019a87451",
                "sha256:414b9a78e14ffeb98128863314e62c3f24b8a86081066625700b7985b3f529bd",
                "sha256:43aca0a55ce1eefc0aefa6253661cb54571857b1a7b2964bd8a1e3ef4b729924",
                "sha256:43b4899cfd091a9693a1278c4982f3e50f7fb7cff5153b05174b4afc9593b616",
                "sha256:461f9dfdafa394c59cd6d818bdfdbab4028b83b02caadaff0ffd433faf4c9a7a",
                "sha256:4f9f6a650743f0ddee5593ac9e954ba1bdbc5e150bc066586d4f26127853ab94",
                "sha256:53d8b764726d3af1a138dd353116f774e3862ec7e3794e0c8781e30db0f35dfc",
                "sha256:565c986f4b45c020f5421a4cea13ef294dde9509a8577f29b2fc5edc7587fff8",
                "sha256:5c5ae0a06e9ea030ab786b0251b32c7e4ce10e58d983c0d5c56029455180b5b9",
                "sha256:5cb7bc1966d031aec37ddb9dcf15c2da5b2e9f7cc3ca7c54473a20a927e1eb91",
                "sha256:5da841d81b1a05ef940a8567da92decaa15bc4d7dedb540a8c219ad83d91808a",
                "sha256:5fee4c04aad8932da9f8f710af2c1a15a83582cfb884152a9caa79d4efcdbf9c",
                "sha256:609e89d9f90b581c8d16358c9087df76024cf058fa693dd3e1e1620823f39670",
                "sha256:6258f3260986990ba2fa8a874f8b6e808cf5abb51a94015ca3dc3c68aa4f30ea",
                "sha256:64efdf00c09e31efd754448a383ea241f55a994fd079866b92d2bbff598aad91",
                "sha256:65b80c1ee7e14a87d6a068dd3b0aea268ffcabfe0498d38661b00c5b4b22e74c",
                "sha256:6741e6f3074a35e47c77b23a4e4f2d90db3ed905cb1c5e6e0d49bff2045632bc",
                "sha256:681088909d7e8fa9e31b9799aaa59ba5234c58e5e4f1951b4c4d1082a2e980e0",
                "sha256:6b7a9d1db5dad90e2991645874f708e87d9a3c370c243c2d7684d28f7e133e6b",
                "sha256:7315f9137087c4e0ee73a761b163fc9aa3b19f5f606a7fc08d83fd3e4379af65",
                "sha256:742aea052cf5ab5034a53c3846165bc3ce88d7c38e954120db0ab867ca242661",
                "sha256:75af0b4c229ac519b155028fa1be632d812a519abba9b46b20e50c6caa184f19",
                "sha256:7b5dd7cbae20285cdb597b10eb5a2c13aa9de6cde9bb64a3c1317427b1db1ae1",
                "sha256:7d6daa89a00b58c37cb1747ec9fb7ac3bc5ffd5949f5888657dfddde6d1312e0",
                "sha256:800429ac32c9b72909c671aaf17ecd13110f823ddb7db4dfef412a5587c2c24e",
                "sha256:806f3987ffe10e867bab0ddad45df1148a2b98221798457fa097ad85d6e8bc75",
                "sha256:808b99604f7873c800c4840f55ff389936ef1948e4e87645eaf3fccbc8477ac4",
                "sha256:80941e6d573197a0c28f394753de529bb436b1ca990ed6e765cf42426abc39f8",
                "sha256:84cabc7095dd535ca934d57e9ce2a72ffd216e435a84acb06b2277b1de2689bd",
                "sha256:8637e29d13f478bc4f153d8daa9ffb16455f0a6cb287da1b432fdad2bfbd66c7",
                "sha256:896866d2d436563fa2a43a9d72f417874f16b5545955c54a64941e87c1376c61",
                "sha256:8e178e3e99d3c0ea8fc64b88447f7cac8ccf058af422a6cedc690d0eadd98c51",
                "sha256:907bfa8a9cb790748a9aa4513e37c88c59660da3bcfffbd24a7d9e6abf224551",
                "sha256:9212d6b86917a2300669511ed094a9406888362e085f2431a7da985a6b124f45",
                "sha256:92a7fe4225365c5e3a8e598982269c6d6698d3e783b3b1ae979e7819f9cd55c1",
                "sha256:935b9d1aed48fcfb3f838caac506f38e29621b44ccc4f8a64d575cb1b2a88644",
                "sha256:97e9993d5ed946aba26baf9c1e8cf18adbab584b99f452ee72f7ee8acb882796",
                "sha256:983976c2ab753166dc66d36af6e8ec15bb511e4a25856e2227e5f7e00a160587",
                "sha256:9f5fefaca968e700ad1a4a9de98bf0869a94e397fe3524c4c9450c1445252304",
                "sha256:a332ac4ccb84b6dde65dbace8431f3af08874bf9770719d32a635c4ef411b18b",
                "sha256:a40905599d8079e09f25027423aed94f2823adaf2868940de991e53a449e14a8",
                "sha256:a6dfc2af5b082b635af6e08e0d1f9f1c4e04d17d4e2ca0ef96131e85eda6eb17",
                "sha256:a786bf667724d84aa29b5db1c61b7bfdde380202aaca12c3461afd6b71743171",
                "sha256:a83e0850cb8f5ac975291ebfc4170ba481f41a28065277f7f735c202cd8e0af3",
                "sha256:aa0c9cc0b82b14766a99fbe6084409972266e82f459821cd26997a488a7261a7",
                "sha256:b17fbdbe01c196e7e159aacb889e091f28e61020a8abeac07b68079b6e626988",
                "sha256:b63e13dd27da389ed9475b3d28510f0f954bca0041e8e551b2a4eb1eab56a39a",
                "sha256:b6e53e82ec2db0717eabb276aa56cf4e500c9a7cec2c2e189b55c24f65a3e8c0",
                "sha256:bb0984b30e973f7e2884362b7d23d0a348c7143ee559f38ef3eaab640144204c",
                "sha256:bc11908616c8a283cf7d664f77411a5ed2a02009b0097ff8abbba5e79128ccf2",
                "sha256:bdec5e43377761c5dbca620efb69a77f6855c5a379e32ac5b158f54c84212b14",
                "sha256:bef9768cab184e7ae6e559c032e95ba8d07b3023c289f79a2bd36e8bf85605a5",
                "sha256:c990547452ee2800d8506c4150280757f88532f3de2a58e3022e9b179107862a",
                "sha256:ca94b6aac0d7af2a10ba08c0f888b3d5114439b6b3ef39968378723622fed377",
                "sha256:cad302dc10fac357d3467a74a9561c90609768a6f73a1923b0fd851b6486f8b0",
                "sha256:d0a7735df32ccbcc98b98a1ac785cc4b19b580be1bdf0aeb5c03223220ea09d5",
                "sha256:d70347c8a5b7ccd803ec0c85c8709f036e6348f1e6a5bf048ecd9c64d3550b8b",
                "sha256:d70534cea9e7966169ad29a903b99fc507e932069a881d0965a1a84bb57f6c6d",
                "sha256:db44d5c160a90df2d24a24760bbd37607d53da0b34fb546c4c232af7192298ac",
                "sha256:e115c15e3bc727b1ca3e641a909f77f8ca72a64fff150f666fcc85e57701c26c",
                "sha256:e2479c7f02f9d505682dc47df8c0ea1fc5e264c4d1629a5d63fe3e2334b89554",
                "sha256:e5dcbe95016e88437ecf33544ba5db21ef1b8dd6e1b434a2cb2a3d605299e643",
                "sha256:e6bdb408f7c9dd2a5ff2b14a3b0bb6d4deb29fb9961e6eb3ae2031ae9a5cec13",
                "sha256:e75d3dba8fc1ddfec0cd752108f93b83b4f8d6ab40e524a95d35f016b9683b09",
                "sha256:efdc140e7b63b8f739d09a99033aa430accce485ff78e6d311973a67b6bf3208",
                "sha256:f10c98f49227ed8383d28174ee95155a675c4ed7f85e2e573b04414f7e371bda",
                "sha256:f188028b5af6b8fb2e9a76ac0f841a575bd1bd396e46ef0840d9b88a48fdbcea",
                "sha256:f188d580bd870cda1e15183790d1cc2fa78f666e76077d103edf048eed9c356e",
                "sha256:f45bd71d1fa5e5749587613037b172e0b3b23159d1c00ef2fc920da6f470e6f0",
                "sha256:f61333d817698bdcdd0f9d7793e365ac3d2a21c1f1eb02b32ad6aefb8d8ea831",
                "sha256:fb125d860738a09d363a88daa0f59c4533529a90e564785e20fe875b200b6dbd"
            ],
            "index": "pypi",
            "markers": "python_version >= '3.10'",
            "version": "==12.1.0"
        },
        "pycdlib": {
            "hashes": [
                "sha256:8ec306b31d9c850f28c5fda52438d904edd1e8fcf862c5ffd756272efac9f422",
                "sha256:a905827335f0066af3fd416c5cf9b1f29dffaf4d0914b714555213d1809f38d4"
            ],
            "index": "pypi",
            "version": "==1.14.0"
        },
        "pyelftools": {
            "hashes": [
                "sha256:013df952a006db5e138b1edf6d8a68ecc50630adbd0d83a2d41e7f846163d738",
                "sha256:6de90ee7b8263e740c8715a925382d4099b354f29ac48ea40d840cf7aa14ace5"
            ],
            "index": "pypi",
            "version": "==0.32"
        }
    },
    "develop": {
        "altgraph": {
            "hashes": [
                "sha256:c87b395dd12fabde9c99573a9749d67da8d29ef9de0125c7f536699b4a9bc9e7",
                "sha256:f3a22400bce1b0c701683820ac4f3b159cd301acab067c51c653e06961600597"
            ],
            "version": "==0.17.5"
        },
        "customtkinter": {
            "hashes": [
                "sha256:14ad3e7cd3cb3b9eb642b9d4e8711ae80d3f79fb82545ad11258eeffb2e6b37c",
                "sha256:fd8db3bafa961c982ee6030dba80b4c2e25858630756b513986db19113d8d207"
            ],
            "index": "pypi",
            "markers": "python_version >= '3.7'",
            "version": "==5.2.2"
        },
        "darkdetect": {
            "hashes": [
                "sha256:a7509ccf517eaad92b31c214f593dbcf138ea8a43b2935406bbd565e15527a85",
                "sha256:b5428e1170263eb5dea44c25dc3895edd75e6f52300986353cd63533fe7df8b1"
            ],
            "markers": "python_version >= '3.6'",
            "version": "==0.8.0"
        },
        "packaging": {
            "hashes": [
                "sha256:29572ef2b1f17581046b3a2227d5c611fb25ec70ca1ba8554b24b0e69331a484",
                "sha256:d443872c98d677bf60f6a1f2f8c1cb748e8fe762d2bf9d3148b5599295b0fc4f"
            ],
            "markers": "python_version >= '3.8'",
            "version": "==25.0"
        },
        "pefile": {
            "hashes": [
                "sha256:3ff6c5d8b43e8c37bb6e6dd5085658d658a7a0bdcd20b6a07b1fcfc1c4e9d632",
                "sha256:76f8b485dcd3b1bb8166f1128d395fa3d87af26360c2358fb75b80019b957c6f"
            ],
            "markers": "sys_platform == 'win32'",
            "version": "==2024.8.26"
        },
        "pyinstaller": {
            "hashes": [
                "sha256:060b122e43e7c0b23e759a4153be34bd70914135ab955bb18a67181e0dca85a2",
                "sha256:2a147b83cdebb07855bd5a663600891550062373a2ca375c58eacead33741a27",
                "sha256:3c92a335e338170df7e615f75279cfeea97ade89e6dd7694943c8c185460f7b7",
                "sha256:4e446b8030c6e5a2f712e3f82011ecf6c7ead86008357b0d23a0ec4bcde31dac",
                "sha256:89c0d18ba8b62c6607abd8cf2299ae5ffa5c36d8c47f39608ce8c3f357f6099f",
                "sha256:97f4c1942f7b4cd73f9e38b49cc8f5f8a6fbb44922cb60dd3073a189b77ee1ae",
                "sha256:aa9fd87aaa28239c6f0d0210114029bd03f8cac316a90bab071a5092d7c85ad7",
                "sha256:b019940dbf7a01489d6b26f9fb97db74b504e0a757010f7ad078675befc85a82",
                "sha256:be372bd911392b88277e510940ac32a5c2a6ce4b8d00a311c78fa443f4f27313",
                "sha256:cd213d1a545c97dfe4a3c40e8213ff7c5127fc115c49229f27a3fa541503444b",
                "sha256:ce0be227a037fd4be672226db709088565484f597d6b230bceec19850fdd4c85",
                "sha256:f8cfbbfa6708e54fb936df6dd6eafaf133e84efb0d2fe25b91cfeefa793c4ca4"
            ],
            "index": "pypi",
            "markers": "python_version < '3.15' and python_version >= '3.8'",
            "version": "==6.17.0"
        },
        "pyinstaller-hooks-contrib": {
            "hashes": [
                "sha256:777e163e2942474aa41a8e6d31ac1635292d63422c3646c176d584d04d971c34",
                "sha256:dfe18632e06655fa88d218e0d768fd753e1886465c12a6d4bce04f1aaeec917d"
            ],
            "markers": "python_version >= '3.8'",
            "version": "==2025.11"
        },
        "pywin32-ctypes": {
            "hashes": [
                "sha256:8a1513379d709975552d202d942d9837758905c8d01eb82b8bcc30918929e7b8",
                "sha256:d162dc04946d704503b2edc4d55f3dba5c1d539ead017afa00142c38b9885755"
            ],
            "markers": "sys_platform == 'win32'",
            "version": "==0.2.3"
        },
        "setuptools": {
            "hashes": [
                "sha256:062d34222ad13e0cc312a4c02d73f059e86a4acbfbdea8f8f76b28c99f306922",
                "sha256:f36b47402ecde768dbfafc46e8e4207b4360c654f1f3bb84475f0a28628fb19c"
            ],
            "markers": "python_version >= '3.9'",
            "version": "==80.9.0"
        }
    }
}
